<?xml version="1.0" encoding="utf-8"?>
<Project ToolsVersion="4.0" xmlns="http://schemas.microsoft.com/developer/msbuild/2003">
  <ItemGroup>
    <Filter Include="Source Files">
      <UniqueIdentifier>{4FC737F1-C7A5-4376-A066-2A32D752A2FF}</UniqueIdentifier>
      <Extensions>cpp;c;cc;cxx;def;odl;idl;hpj;bat;asm;asmx</Extensions>
    </Filter>
    <Filter Include="Header Files">
      <UniqueIdentifier>{93995380-89BD-4b04-88EB-625FBE52EBFB}</UniqueIdentifier>
      <Extensions>h;hh;hpp;hxx;hm;inl;inc;xsd</Extensions>
    </Filter>
    <Filter Include="Resource Files">
      <UniqueIdentifier>{67DA6AB6-F800-4c08-8B7A-83BB121AAD01}</UniqueIdentifier>
      <Extensions>rc;ico;cur;bmp;dlg;rc2;rct;bin;rgs;gif;jpg;jpeg;jpe;resx;tiff;tif;png;wav;mfcribbon-ms</Extensions>
    </Filter>
  </ItemGroup>
  <ItemGroup>
    <ClInclude Include="..\..\Samples\SuperLittleRed\Code\AudioTool.h">
      <Filter>Header Files</Filter>
    </ClInclude>
    <ClInclude Include="..\..\Samples\SuperLittleRed\Code\Config.h">
      <Filter>Header Files</Filter>
    </ClInclude>
    <ClInclude Include="..\..\Samples\SuperLittleRed\Code\Enemy.h">
      <Filter>Header Files</Filter>
    </ClInclude>
    <ClInclude Include="..\..\Samples\SuperLittleRed\Code\EnemyAI.h">
      <Filter>Header Files</Filter>
    </ClInclude>
    <ClInclude Include="..\..\Samples\SuperLittleRed\Code\GameActor.h">
      <Filter>Header Files</Filter>
    </ClInclude>
    <ClInclude Include="..\..\Samples\SuperLittleRed\Code\GameData.h">
      <Filter>Header Files</Filter>
    </ClInclude>
    <ClInclude Include="..\..\Samples\SuperLittleRed\Code\GameMap.h">
      <Filter>Header Files</Filter>
    </ClInclude>
    <ClInclude Include="..\..\Samples\SuperLittleRed\Code\Hero.h">
      <Filter>Header Files</Filter>
    </ClInclude>
    <ClInclude Include="..\..\Samples\SuperLittleRed\Code\HUD.h">
      <Filter>Header Files</Filter>
    </ClInclude>
    <ClInclude Include="..\..\Samples\SuperLittleRed\Code\Tool.h">
      <Filter>Header Files</Filter>
    </ClInclude>
    <ClInclude Include="..\..\Samples\SuperLittleRed\Code\UI.h">
      <Filter>Header Files</Filter>
    </ClInclude>
  </ItemGroup>
  <ItemGroup>
    <ClCompile Include="..\..\Samples\SuperLittleRed\Code\AppInit.c">
      <Filter>Source Files</Filter>
    </ClCompile>
    <ClCompile Include="..\..\Samples\SuperLittleRed\Code\AudioTool.c">
      <Filter>Source Files</Filter>
    </ClCompile>
    <ClCompile Include="..\..\Samples\SuperLittleRed\Code\Enemy.c">
      <Filter>Source Files</Filter>
    </ClCompile>
    <ClCompile Include="..\..\Samples\SuperLittleRed\Code\EnemyAI.c">
      <Filter>Source Files</Filter>
    </ClCompile>
    <ClCompile Include="..\..\Samples\SuperLittleRed\Code\GameActor.c">
      <Filter>Source Files</Filter>
    </ClCompile>
    <ClCompile Include="..\..\Samples\SuperLittleRed\Code\GameData.c">
      <Filter>Source Files</Filter>
    </ClCompile>
    <ClCompile Include="..\..\Samples\SuperLittleRed\Code\GameMap.c">
      <Filter>Source Files</Filter>
    </ClCompile>
    <ClCompile Include="..\..\Samples\SuperLittleRed\Code\Hero.c">
      <Filter>Source Files</Filter>
    </ClCompile>
    <ClCompile Include="..\..\Samples\SuperLittleRed\Code\HUD.c">
      <Filter>Source Files</Filter>
    </ClCompile>
    <ClCompile Include="..\..\Samples\SuperLittleRed\Code\Tool.c">
      <Filter>Source Files</Filter>
    </ClCompile>
    <ClCompile Include="..\..\Samples\SuperLittleRed\Code\UI.c">
      <Filter>Source Files</Filter>
    </ClCompile>
  </ItemGroup>
</Project>